
Microsoft Visual Studio Solution File, Format Version 12.00
# Visual Studio Version 16
VisualStudioVersion = 16.0.30517.126
MinimumVisualStudioVersion = 10.0.40219.1
Project("{FAE04EC0-301F-11D3-BF4B-00C04F79EFBC}") = "Hotel Management", "Hotel Management\Hotel Management.csproj", "{5D1469EB-C999-4246-91C4-070C1AF3F129}"
EndProject
Project("{FAE04EC0-301F-11D3-BF4B-00C04F79EFBC}") = "HMS.BAL", "HMS.BAL\HMS.BAL.csproj", "{3AF7FAFF-BD16-4B06-91AE-CABE24026C0C}"
EndProject
Project("{FAE04EC0-301F-11D3-BF4B-00C04F79EFBC}") = "HSM.Data", "HSM.Data\HSM.Data.csproj", "{A3834C8D-23D8-43B8-BAA1-6804174E1409}"
EndProject
Global
	GlobalSection(SolutionConfigurationPlatforms) = preSolution
		Debug|Any CPU = Debug|Any CPU
		Release|Any CPU = Release|Any CPU
	EndGlobalSection
	GlobalSection(ProjectConfigurationPlatforms) = postSolution
		{5D1469EB-C999-4246-91C4-070C1AF3F129}.Debug|Any CPU.ActiveCfg = Debug|Any CPU
		{5D1469EB-C999-4246-91C4-070C1AF3F129}.Debug|Any CPU.Build.0 = Debug|Any CPU
		{5D1469EB-C999-4246-91C4-070C1AF3F129}.Release|Any CPU.ActiveCfg = Release|Any CPU
		{5D1469EB-C999-4246-91C4-070C1AF3F129}.Release|Any CPU.Build.0 = Release|Any CPU
		{3AF7FAFF-BD16-4B06-91AE-CABE24026C0C}.Debug|Any CPU.ActiveCfg = Debug|Any CPU
		{3AF7FAFF-BD16-4B06-91AE-CABE24026C0C}.Debug|Any CPU.Build.0 = Debug|Any CPU
		{3AF7FAFF-BD16-4B06-91AE-CABE24026C0C}.Release|Any CPU.ActiveCfg = Release|Any CPU
		{3AF7FAFF-BD16-4B06-91AE-CABE24026C0C}.Release|Any CPU.Build.0 = Release|Any CPU
		{A3834C8D-23D8-43B8-BAA1-6804174E1409}.Debug|Any CPU.ActiveCfg = Debug|Any CPU
		{A3834C8D-23D8-43B8-BAA1-6804174E1409}.Debug|Any CPU.Build.0 = Debug|Any CPU
		{A3834C8D-23D8-43B8-BAA1-6804174E1409}.Release|Any CPU.ActiveCfg = Release|Any CPU
		{A3834C8D-23D8-43B8-BAA1-6804174E1409}.Release|Any CPU.Build.0 = Release|Any CPU
	EndGlobalSection
	GlobalSection(SolutionProperties) = preSolution
		HideSolutionNode = FALSE
	EndGlobalSection
	GlobalSection(ExtensibilityGlobals) = postSolution
		SolutionGuid = {9C121AAA-F8B2-4FAD-87B6-DF36E1B4CFA8}
	EndGlobalSection
EndGlobal
