
Microsoft Visual Studio Solution File, Format Version 12.00
# Visual Studio Version 16
VisualStudioVersion = 16.0.30517.126
MinimumVisualStudioVersion = 10.0.40219.1
Project("{FAE04EC0-301F-11D3-BF4B-00C04F79EFBC}") = "Product Management", "Product Management\Product Management.csproj", "{7FA05995-9525-4858-B3B8-D1DEC1518569}"
EndProject
Project("{FAE04EC0-301F-11D3-BF4B-00C04F79EFBC}") = "Unit Test.Tests", "Unit Test.Tests\Unit Test.Tests.csproj", "{DA703331-E5ED-42BE-8F30-DAA8E8F7810C}"
EndProject
Project("{FAE04EC0-301F-11D3-BF4B-00C04F79EFBC}") = "Web API", "Web API\Web API.csproj", "{B7076A9A-C52F-4D1F-85AD-966684A11748}"
EndProject
Global
	GlobalSection(SolutionConfigurationPlatforms) = preSolution
		Debug|Any CPU = Debug|Any CPU
		Release|Any CPU = Release|Any CPU
	EndGlobalSection
	GlobalSection(ProjectConfigurationPlatforms) = postSolution
		{7FA05995-9525-4858-B3B8-D1DEC1518569}.Debug|Any CPU.ActiveCfg = Debug|Any CPU
		{7FA05995-9525-4858-B3B8-D1DEC1518569}.Debug|Any CPU.Build.0 = Debug|Any CPU
		{7FA05995-9525-4858-B3B8-D1DEC1518569}.Release|Any CPU.ActiveCfg = Release|Any CPU
		{7FA05995-9525-4858-B3B8-D1DEC1518569}.Release|Any CPU.Build.0 = Release|Any CPU
		{DA703331-E5ED-42BE-8F30-DAA8E8F7810C}.Debug|Any CPU.ActiveCfg = Debug|Any CPU
		{DA703331-E5ED-42BE-8F30-DAA8E8F7810C}.Debug|Any CPU.Build.0 = Debug|Any CPU
		{DA703331-E5ED-42BE-8F30-DAA8E8F7810C}.Release|Any CPU.ActiveCfg = Release|Any CPU
		{DA703331-E5ED-42BE-8F30-DAA8E8F7810C}.Release|Any CPU.Build.0 = Release|Any CPU
		{B7076A9A-C52F-4D1F-85AD-966684A11748}.Debug|Any CPU.ActiveCfg = Debug|Any CPU
		{B7076A9A-C52F-4D1F-85AD-966684A11748}.Debug|Any CPU.Build.0 = Debug|Any CPU
		{B7076A9A-C52F-4D1F-85AD-966684A11748}.Release|Any CPU.ActiveCfg = Release|Any CPU
		{B7076A9A-C52F-4D1F-85AD-966684A11748}.Release|Any CPU.Build.0 = Release|Any CPU
	EndGlobalSection
	GlobalSection(SolutionProperties) = preSolution
		HideSolutionNode = FALSE
	EndGlobalSection
	GlobalSection(ExtensibilityGlobals) = postSolution
		SolutionGuid = {DF279D47-F6B2-400C-BF38-EE31E2759DD1}
	EndGlobalSection
EndGlobal
